// !$*UTF8*$!
{
	archiveVersion = 1;
	classes = {
	};
	objectVersion = 48;
	objects = {

/* Begin PBXBuildFile section */
		41B9259603AE38D4B7DA45F9 /* Pods_SmartFhirDemoTests.framework in Frameworks */ = {isa = PBXBuildFile; fileRef = D39C9605EC4AACDDD624E75E /* Pods_SmartFhirDemoTests.framework */; };
		5227C3637379429A1DFBDDE4 /* Pods_SmartFhirDemo.framework in Frameworks */ = {isa = PBXBuildFile; fileRef = 76E0FA39FF3230A2FBB3EF89 /* Pods_SmartFhirDemo.framework */; };
		89F3363FED9A759A82CC2530 /* Pods_SmartFhirDemoUITests.framework in Frameworks */ = {isa = PBXBuildFile; fileRef = 84B387D35B65908401C6B3DE /* Pods_SmartFhirDemoUITests.framework */; };
		8B48DC6820000BBF001F3E85 /* AppointmentCell.swift in Sources */ = {isa = PBXBuildFile; fileRef = 8B48DC6720000BBF001F3E85 /* AppointmentCell.swift */; };
		8BBDFE7B1FF66FED009FE38D /* AppDelegate.swift in Sources */ = {isa = PBXBuildFile; fileRef = 8BBDFE7A1FF66FED009FE38D /* AppDelegate.swift */; };
		8BBDFE7D1FF66FED009FE38D /* ViewController.swift in Sources */ = {isa = PBXBuildFile; fileRef = 8BBDFE7C1FF66FED009FE38D /* ViewController.swift */; };
		8BBDFE801FF66FED009FE38D /* Main.storyboard in Resources */ = {isa = PBXBuildFile; fileRef = 8BBDFE7E1FF66FED009FE38D /* Main.storyboard */; };
		8BBDFE821FF66FED009FE38D /* Assets.xcassets in Resources */ = {isa = PBXBuildFile; fileRef = 8BBDFE811FF66FED009FE38D /* Assets.xcassets */; };
		8BBDFE851FF66FED009FE38D /* LaunchScreen.storyboard in Resources */ = {isa = PBXBuildFile; fileRef = 8BBDFE831FF66FED009FE38D /* LaunchScreen.storyboard */; };
		8BBDFE901FF66FED009FE38D /* SmartFhirDemoTests.swift in Sources */ = {isa = PBXBuildFile; fileRef = 8BBDFE8F1FF66FED009FE38D /* SmartFhirDemoTests.swift */; };
		8BBDFE9B1FF66FED009FE38D /* SmartFhirDemoUITests.swift in Sources */ = {isa = PBXBuildFile; fileRef = 8BBDFE9A1FF66FED009FE38D /* SmartFhirDemoUITests.swift */; };
		8BBDFEC41FF68355009FE38D /* SmartAPI.swift in Sources */ = {isa = PBXBuildFile; fileRef = 8BBDFEC31FF68355009FE38D /* SmartAPI.swift */; };
		8BE9E1E42000001A00774F0D /* ObservationCell.swift in Sources */ = {isa = PBXBuildFile; fileRef = 8BE9E1E32000001A00774F0D /* ObservationCell.swift */; };
		8BE9E1E62000033300774F0D /* ConditionCell.swift in Sources */ = {isa = PBXBuildFile; fileRef = 8BE9E1E52000033300774F0D /* ConditionCell.swift */; };
		8BE9E1E82000034600774F0D /* DiagnosticReportCell.swift in Sources */ = {isa = PBXBuildFile; fileRef = 8BE9E1E72000034600774F0D /* DiagnosticReportCell.swift */; };
		8BE9E1EA2000035400774F0D /* EncounterCell.swift in Sources */ = {isa = PBXBuildFile; fileRef = 8BE9E1E92000035400774F0D /* EncounterCell.swift */; };
		8BEF7E3F1FFC4614004C02CA /* MedicationDetailVC.swift in Sources */ = {isa = PBXBuildFile; fileRef = 8BEF7E3E1FFC4614004C02CA /* MedicationDetailVC.swift */; };
		8BEF7E431FFC492B004C02CA /* MedicationRequestCell.swift in Sources */ = {isa = PBXBuildFile; fileRef = 8BEF7E421FFC492B004C02CA /* MedicationRequestCell.swift */; };
/* End PBXBuildFile section */

/* Begin PBXContainerItemProxy section */
		8BBDFE8C1FF66FED009FE38D /* PBXContainerItemProxy */ = {
			isa = PBXContainerItemProxy;
			containerPortal = 8BBDFE6F1FF66FED009FE38D /* Project object */;
			proxyType = 1;
			remoteGlobalIDString = 8BBDFE761FF66FED009FE38D;
			remoteInfo = SmartFhirDemo;
		};
		8BBDFE971FF66FED009FE38D /* PBXContainerItemProxy */ = {
			isa = PBXContainerItemProxy;
			containerPortal = 8BBDFE6F1FF66FED009FE38D /* Project object */;
			proxyType = 1;
			remoteGlobalIDString = 8BBDFE761FF66FED009FE38D;
			remoteInfo = SmartFhirDemo;
		};
/* End PBXContainerItemProxy section */

/* Begin PBXFileReference section */
		011399A39CCF7DC9F7C95A16 /* Pods-SmartFhirDemoUITests.release.xcconfig */ = {isa = PBXFileReference; includeInIndex = 1; lastKnownFileType = text.xcconfig; name = "Pods-SmartFhirDemoUITests.release.xcconfig"; path = "Pods/Target Support Files/Pods-SmartFhirDemoUITests/Pods-SmartFhirDemoUITests.release.xcconfig"; sourceTree = "<group>"; };
		16B3ABA1079D1C80ED275C9B /* Pods-SmartFhirDemoTests.release.xcconfig */ = {isa = PBXFileReference; includeInIndex = 1; lastKnownFileType = text.xcconfig; name = "Pods-SmartFhirDemoTests.release.xcconfig"; path = "Pods/Target Support Files/Pods-SmartFhirDemoTests/Pods-SmartFhirDemoTests.release.xcconfig"; sourceTree = "<group>"; };
		1E75409A09B246109CA287E1 /* Pods-SmartFhirDemo.debug.xcconfig */ = {isa = PBXFileReference; includeInIndex = 1; lastKnownFileType = text.xcconfig; name = "Pods-SmartFhirDemo.debug.xcconfig"; path = "Pods/Target Support Files/Pods-SmartFhirDemo/Pods-SmartFhirDemo.debug.xcconfig"; sourceTree = "<group>"; };
		1FFAC395B890AD0F81A3CDB8 /* Pods-SmartFhirDemoUITests.debug.xcconfig */ = {isa = PBXFileReference; includeInIndex = 1; lastKnownFileType = text.xcconfig; name = "Pods-SmartFhirDemoUITests.debug.xcconfig"; path = "Pods/Target Support Files/Pods-SmartFhirDemoUITests/Pods-SmartFhirDemoUITests.debug.xcconfig"; sourceTree = "<group>"; };
		646082463908201DC63D46B1 /* Pods-SmartFhirDemo.release.xcconfig */ = {isa = PBXFileReference; includeInIndex = 1; lastKnownFileType = text.xcconfig; name = "Pods-SmartFhirDemo.release.xcconfig"; path = "Pods/Target Support Files/Pods-SmartFhirDemo/Pods-SmartFhirDemo.release.xcconfig"; sourceTree = "<group>"; };
		72B5F21398CB5BB45C7B2B3F /* Pods-SmartFhirDemoTests.debug.xcconfig */ = {isa = PBXFileReference; includeInIndex = 1; lastKnownFileType = text.xcconfig; name = "Pods-SmartFhirDemoTests.debug.xcconfig"; path = "Pods/Target Support Files/Pods-SmartFhirDemoTests/Pods-SmartFhirDemoTests.debug.xcconfig"; sourceTree = "<group>"; };
		76E0FA39FF3230A2FBB3EF89 /* Pods_SmartFhirDemo.framework */ = {isa = PBXFileReference; explicitFileType = wrapper.framework; includeInIndex = 0; path = Pods_SmartFhirDemo.framework; sourceTree = BUILT_PRODUCTS_DIR; };
		84B387D35B65908401C6B3DE /* Pods_SmartFhirDemoUITests.framework */ = {isa = PBXFileReference; explicitFileType = wrapper.framework; includeInIndex = 0; path = Pods_SmartFhirDemoUITests.framework; sourceTree = BUILT_PRODUCTS_DIR; };
		8B48DC6720000BBF001F3E85 /* AppointmentCell.swift */ = {isa = PBXFileReference; lastKnownFileType = sourcecode.swift; path = AppointmentCell.swift; sourceTree = "<group>"; };
		8BBDFE771FF66FED009FE38D /* SmartFhirDemo.app */ = {isa = PBXFileReference; explicitFileType = wrapper.application; includeInIndex = 0; path = SmartFhirDemo.app; sourceTree = BUILT_PRODUCTS_DIR; };
		8BBDFE7A1FF66FED009FE38D /* AppDelegate.swift */ = {isa = PBXFileReference; lastKnownFileType = sourcecode.swift; path = AppDelegate.swift; sourceTree = "<group>"; };
		8BBDFE7C1FF66FED009FE38D /* ViewController.swift */ = {isa = PBXFileReference; lastKnownFileType = sourcecode.swift; path = ViewController.swift; sourceTree = "<group>"; };
		8BBDFE7F1FF66FED009FE38D /* Base */ = {isa = PBXFileReference; lastKnownFileType = file.storyboard; name = Base; path = Base.lproj/Main.storyboard; sourceTree = "<group>"; };
		8BBDFE811FF66FED009FE38D /* Assets.xcassets */ = {isa = PBXFileReference; lastKnownFileType = folder.assetcatalog; path = Assets.xcassets; sourceTree = "<group>"; };
		8BBDFE841FF66FED009FE38D /* Base */ = {isa = PBXFileReference; lastKnownFileType = file.storyboard; name = Base; path = Base.lproj/LaunchScreen.storyboard; sourceTree = "<group>"; };
		8BBDFE861FF66FED009FE38D /* Info.plist */ = {isa = PBXFileReference; lastKnownFileType = text.plist.xml; path = Info.plist; sourceTree = "<group>"; };
		8BBDFE8B1FF66FED009FE38D /* SmartFhirDemoTests.xctest */ = {isa = PBXFileReference; explicitFileType = wrapper.cfbundle; includeInIndex = 0; path = SmartFhirDemoTests.xctest; sourceTree = BUILT_PRODUCTS_DIR; };
		8BBDFE8F1FF66FED009FE38D /* SmartFhirDemoTests.swift */ = {isa = PBXFileReference; lastKnownFileType = sourcecode.swift; path = SmartFhirDemoTests.swift; sourceTree = "<group>"; };
		8BBDFE911FF66FED009FE38D /* Info.plist */ = {isa = PBXFileReference; lastKnownFileType = text.plist.xml; path = Info.plist; sourceTree = "<group>"; };
		8BBDFE961FF66FED009FE38D /* SmartFhirDemoUITests.xctest */ = {isa = PBXFileReference; explicitFileType = wrapper.cfbundle; includeInIndex = 0; path = SmartFhirDemoUITests.xctest; sourceTree = BUILT_PRODUCTS_DIR; };
		8BBDFE9A1FF66FED009FE38D /* SmartFhirDemoUITests.swift */ = {isa = PBXFileReference; lastKnownFileType = sourcecode.swift; path = SmartFhirDemoUITests.swift; sourceTree = "<group>"; };
		8BBDFE9C1FF66FED009FE38D /* Info.plist */ = {isa = PBXFileReference; lastKnownFileType = text.plist.xml; path = Info.plist; sourceTree = "<group>"; };
		8BBDFEC31FF68355009FE38D /* SmartAPI.swift */ = {isa = PBXFileReference; lastKnownFileType = sourcecode.swift; path = SmartAPI.swift; sourceTree = "<group>"; };
		8BE9E1E32000001A00774F0D /* ObservationCell.swift */ = {isa = PBXFileReference; lastKnownFileType = sourcecode.swift; path = ObservationCell.swift; sourceTree = "<group>"; };
		8BE9E1E52000033300774F0D /* ConditionCell.swift */ = {isa = PBXFileReference; lastKnownFileType = sourcecode.swift; path = ConditionCell.swift; sourceTree = "<group>"; };
		8BE9E1E72000034600774F0D /* DiagnosticReportCell.swift */ = {isa = PBXFileReference; lastKnownFileType = sourcecode.swift; path = DiagnosticReportCell.swift; sourceTree = "<group>"; };
		8BE9E1E92000035400774F0D /* EncounterCell.swift */ = {isa = PBXFileReference; lastKnownFileType = sourcecode.swift; path = EncounterCell.swift; sourceTree = "<group>"; };
		8BEF7E3E1FFC4614004C02CA /* MedicationDetailVC.swift */ = {isa = PBXFileReference; lastKnownFileType = sourcecode.swift; path = MedicationDetailVC.swift; sourceTree = "<group>"; };
		8BEF7E421FFC492B004C02CA /* MedicationRequestCell.swift */ = {isa = PBXFileReference; lastKnownFileType = sourcecode.swift; path = MedicationRequestCell.swift; sourceTree = "<group>"; };
		D39C9605EC4AACDDD624E75E /* Pods_SmartFhirDemoTests.framework */ = {isa = PBXFileReference; explicitFileType = wrapper.framework; includeInIndex = 0; path = Pods_SmartFhirDemoTests.framework; sourceTree = BUILT_PRODUCTS_DIR; };
/* End PBXFileReference section */

/* Begin PBXFrameworksBuildPhase section */
		8BBDFE741FF66FED009FE38D /* Frameworks */ = {
			isa = PBXFrameworksBuildPhase;
			buildActionMask = 2147483647;
			files = (
				5227C3637379429A1DFBDDE4 /* Pods_SmartFhirDemo.framework in Frameworks */,
			);
			runOnlyForDeploymentPostprocessing = 0;
		};
		8BBDFE881FF66FED009FE38D /* Frameworks */ = {
			isa = PBXFrameworksBuildPhase;
			buildActionMask = 2147483647;
			files = (
				41B9259603AE38D4B7DA45F9 /* Pods_SmartFhirDemoTests.framework in Frameworks */,
			);
			runOnlyForDeploymentPostprocessing = 0;
		};
		8BBDFE931FF66FED009FE38D /* Frameworks */ = {
			isa = PBXFrameworksBuildPhase;
			buildActionMask = 2147483647;
			files = (
				89F3363FED9A759A82CC2530 /* Pods_SmartFhirDemoUITests.framework in Frameworks */,
			);
			runOnlyForDeploymentPostprocessing = 0;
		};
/* End PBXFrameworksBuildPhase section */

/* Begin PBXGroup section */
		8BBDFE6E1FF66FED009FE38D = {
			isa = PBXGroup;
			children = (
				8BBDFE791FF66FED009FE38D /* SmartFhirDemo */,
				8BBDFE8E1FF66FED009FE38D /* SmartFhirDemoTests */,
				8BBDFE991FF66FED009FE38D /* SmartFhirDemoUITests */,
				8BBDFE781FF66FED009FE38D /* Products */,
				8BBDFEB81FF67031009FE38D /* Frameworks */,
				95EFE08EAFF17531FB0D361B /* Pods */,
			);
			sourceTree = "<group>";
		};
		8BBDFE781FF66FED009FE38D /* Products */ = {
			isa = PBXGroup;
			children = (
				8BBDFE771FF66FED009FE38D /* SmartFhirDemo.app */,
				8BBDFE8B1FF66FED009FE38D /* SmartFhirDemoTests.xctest */,
				8BBDFE961FF66FED009FE38D /* SmartFhirDemoUITests.xctest */,
			);
			name = Products;
			sourceTree = "<group>";
		};
		8BBDFE791FF66FED009FE38D /* SmartFhirDemo */ = {
			isa = PBXGroup;
			children = (
				8BBDFE7A1FF66FED009FE38D /* AppDelegate.swift */,
				8BEF7E3A1FFBF6AF004C02CA /* API */,
				8BEF7E3B1FFBF6B7004C02CA /* Storyboards */,
				8BEF7E391FFBF6A4004C02CA /* VCs */,
				8BBDFE811FF66FED009FE38D /* Assets.xcassets */,
				8BBDFE861FF66FED009FE38D /* Info.plist */,
			);
			path = SmartFhirDemo;
			sourceTree = "<group>";
		};
		8BBDFE8E1FF66FED009FE38D /* SmartFhirDemoTests */ = {
			isa = PBXGroup;
			children = (
				8BBDFE8F1FF66FED009FE38D /* SmartFhirDemoTests.swift */,
				8BBDFE911FF66FED009FE38D /* Info.plist */,
			);
			path = SmartFhirDemoTests;
			sourceTree = "<group>";
		};
		8BBDFE991FF66FED009FE38D /* SmartFhirDemoUITests */ = {
			isa = PBXGroup;
			children = (
				8BBDFE9A1FF66FED009FE38D /* SmartFhirDemoUITests.swift */,
				8BBDFE9C1FF66FED009FE38D /* Info.plist */,
			);
			path = SmartFhirDemoUITests;
			sourceTree = "<group>";
		};
		8BBDFEB81FF67031009FE38D /* Frameworks */ = {
			isa = PBXGroup;
			children = (
				76E0FA39FF3230A2FBB3EF89 /* Pods_SmartFhirDemo.framework */,
				D39C9605EC4AACDDD624E75E /* Pods_SmartFhirDemoTests.framework */,
				84B387D35B65908401C6B3DE /* Pods_SmartFhirDemoUITests.framework */,
			);
			name = Frameworks;
			sourceTree = "<group>";
		};
		8BEF7E391FFBF6A4004C02CA /* VCs */ = {
			isa = PBXGroup;
			children = (
				8BEF7E411FFC48CB004C02CA /* Main */,
				8BEF7E401FFC4618004C02CA /* Medication */,
			);
			path = VCs;
			sourceTree = "<group>";
		};
		8BEF7E3A1FFBF6AF004C02CA /* API */ = {
			isa = PBXGroup;
			children = (
				8BBDFEC31FF68355009FE38D /* SmartAPI.swift */,
			);
			path = API;
			sourceTree = "<group>";
		};
		8BEF7E3B1FFBF6B7004C02CA /* Storyboards */ = {
			isa = PBXGroup;
			children = (
				8BBDFE7E1FF66FED009FE38D /* Main.storyboard */,
				8BBDFE831FF66FED009FE38D /* LaunchScreen.storyboard */,
			);
			path = Storyboards;
			sourceTree = "<group>";
		};
		8BEF7E401FFC4618004C02CA /* Medication */ = {
			isa = PBXGroup;
			children = (
				8BEF7E3E1FFC4614004C02CA /* MedicationDetailVC.swift */,
			);
			path = Medication;
			sourceTree = "<group>";
		};
		8BEF7E411FFC48CB004C02CA /* Main */ = {
			isa = PBXGroup;
			children = (
				8BBDFE7C1FF66FED009FE38D /* ViewController.swift */,
				8BEF7E421FFC492B004C02CA /* MedicationRequestCell.swift */,
				8BE9E1E32000001A00774F0D /* ObservationCell.swift */,
				8BE9E1E52000033300774F0D /* ConditionCell.swift */,
				8BE9E1E72000034600774F0D /* DiagnosticReportCell.swift */,
				8BE9E1E92000035400774F0D /* EncounterCell.swift */,
				8B48DC6720000BBF001F3E85 /* AppointmentCell.swift */,
			);
			path = Main;
			sourceTree = "<group>";
		};
		95EFE08EAFF17531FB0D361B /* Pods */ = {
			isa = PBXGroup;
			children = (
				1E75409A09B246109CA287E1 /* Pods-SmartFhirDemo.debug.xcconfig */,
				646082463908201DC63D46B1 /* Pods-SmartFhirDemo.release.xcconfig */,
				72B5F21398CB5BB45C7B2B3F /* Pods-SmartFhirDemoTests.debug.xcconfig */,
				16B3ABA1079D1C80ED275C9B /* Pods-SmartFhirDemoTests.release.xcconfig */,
				1FFAC395B890AD0F81A3CDB8 /* Pods-SmartFhirDemoUITests.debug.xcconfig */,
				011399A39CCF7DC9F7C95A16 /* Pods-SmartFhirDemoUITests.release.xcconfig */,
			);
			name = Pods;
			sourceTree = "<group>";
		};
/* End PBXGroup section */

/* Begin PBXNativeTarget section */
		8BBDFE761FF66FED009FE38D /* SmartFhirDemo */ = {
			isa = PBXNativeTarget;
			buildConfigurationList = 8BBDFE9F1FF66FED009FE38D /* Build configuration list for PBXNativeTarget "SmartFhirDemo" */;
			buildPhases = (
				060998093BD0ED7D7F88E640 /* [CP] Check Pods Manifest.lock */,
				8BBDFE731FF66FED009FE38D /* Sources */,
				8BBDFE741FF66FED009FE38D /* Frameworks */,
				8BBDFE751FF66FED009FE38D /* Resources */,
				BC98119F4E3D5DB9CDF91612 /* [CP] Embed Pods Frameworks */,
			);
			buildRules = (
			);
			dependencies = (
			);
			name = SmartFhirDemo;
			productName = SmartFhirDemo;
			productReference = 8BBDFE771FF66FED009FE38D /* SmartFhirDemo.app */;
			productType = "com.apple.product-type.application";
		};
		8BBDFE8A1FF66FED009FE38D /* SmartFhirDemoTests */ = {
			isa = PBXNativeTarget;
			buildConfigurationList = 8BBDFEA21FF66FED009FE38D /* Build configuration list for PBXNativeTarget "SmartFhirDemoTests" */;
			buildPhases = (
				D31D8AA40F95C4BEB664347E /* [CP] Check Pods Manifest.lock */,
				8BBDFE871FF66FED009FE38D /* Sources */,
				8BBDFE881FF66FED009FE38D /* Frameworks */,
				8BBDFE891FF66FED009FE38D /* Resources */,
			);
			buildRules = (
			);
			dependencies = (
				8BBDFE8D1FF66FED009FE38D /* PBXTargetDependency */,
			);
			name = SmartFhirDemoTests;
			productName = SmartFhirDemoTests;
			productReference = 8BBDFE8B1FF66FED009FE38D /* SmartFhirDemoTests.xctest */;
			productType = "com.apple.product-type.bundle.unit-test";
		};
		8BBDFE951FF66FED009FE38D /* SmartFhirDemoUITests */ = {
			isa = PBXNativeTarget;
			buildConfigurationList = 8BBDFEA51FF66FED009FE38D /* Build configuration list for PBXNativeTarget "SmartFhirDemoUITests" */;
			buildPhases = (
				EF24CFF7AB94469D7F047A72 /* [CP] Check Pods Manifest.lock */,
				8BBDFE921FF66FED009FE38D /* Sources */,
				8BBDFE931FF66FED009FE38D /* Frameworks */,
				8BBDFE941FF66FED009FE38D /* Resources */,
			);
			buildRules = (
			);
			dependencies = (
				8BBDFE981FF66FED009FE38D /* PBXTargetDependency */,
			);
			name = SmartFhirDemoUITests;
			productName = SmartFhirDemoUITests;
			productReference = 8BBDFE961FF66FED009FE38D /* SmartFhirDemoUITests.xctest */;
			productType = "com.apple.product-type.bundle.ui-testing";
		};
/* End PBXNativeTarget section */

/* Begin PBXProject section */
		8BBDFE6F1FF66FED009FE38D /* Project object */ = {
			isa = PBXProject;
			attributes = {
				LastSwiftUpdateCheck = 0920;
				LastUpgradeCheck = 0920;
				ORGANIZATIONNAME = "Lateral View";
				TargetAttributes = {
					8BBDFE761FF66FED009FE38D = {
						CreatedOnToolsVersion = 9.2;
						ProvisioningStyle = Automatic;
					};
					8BBDFE8A1FF66FED009FE38D = {
						CreatedOnToolsVersion = 9.2;
						ProvisioningStyle = Automatic;
						TestTargetID = 8BBDFE761FF66FED009FE38D;
					};
					8BBDFE951FF66FED009FE38D = {
						CreatedOnToolsVersion = 9.2;
						ProvisioningStyle = Automatic;
						TestTargetID = 8BBDFE761FF66FED009FE38D;
					};
				};
			};
			buildConfigurationList = 8BBDFE721FF66FED009FE38D /* Build configuration list for PBXProject "SmartFhirDemo" */;
			compatibilityVersion = "Xcode 8.0";
			developmentRegion = en;
			hasScannedForEncodings = 0;
			knownRegions = (
				en,
				Base,
			);
			mainGroup = 8BBDFE6E1FF66FED009FE38D;
			productRefGroup = 8BBDFE781FF66FED009FE38D /* Products */;
			projectDirPath = "";
			projectRoot = "";
			targets = (
				8BBDFE761FF66FED009FE38D /* SmartFhirDemo */,
				8BBDFE8A1FF66FED009FE38D /* SmartFhirDemoTests */,
				8BBDFE951FF66FED009FE38D /* SmartFhirDemoUITests */,
			);
		};
/* End PBXProject section */

/* Begin PBXResourcesBuildPhase section */
		8BBDFE751FF66FED009FE38D /* Resources */ = {
			isa = PBXResourcesBuildPhase;
			buildActionMask = 2147483647;
			files = (
				8BBDFE851FF66FED009FE38D /* LaunchScreen.storyboard in Resources */,
				8BBDFE821FF66FED009FE38D /* Assets.xcassets in Resources */,
				8BBDFE801FF66FED009FE38D /* Main.storyboard in Resources */,
			);
			runOnlyForDeploymentPostprocessing = 0;
		};
		8BBDFE891FF66FED009FE38D /* Resources */ = {
			isa = PBXResourcesBuildPhase;
			buildActionMask = 2147483647;
			files = (
			);
			runOnlyForDeploymentPostprocessing = 0;
		};
		8BBDFE941FF66FED009FE38D /* Resources */ = {
			isa = PBXResourcesBuildPhase;
			buildActionMask = 2147483647;
			files = (
			);
			runOnlyForDeploymentPostprocessing = 0;
		};
/* End PBXResourcesBuildPhase section */

/* Begin PBXShellScriptBuildPhase section */
		060998093BD0ED7D7F88E640 /* [CP] Check Pods Manifest.lock */ = {
			isa = PBXShellScriptBuildPhase;
			buildActionMask = 2147483647;
			files = (
			);
			inputPaths = (
				"${PODS_PODFILE_DIR_PATH}/Podfile.lock",
				"${PODS_ROOT}/Manifest.lock",
			);
			name = "[CP] Check Pods Manifest.lock";
			outputPaths = (
				"$(DERIVED_FILE_DIR)/Pods-SmartFhirDemo-checkManifestLockResult.txt",
			);
			runOnlyForDeploymentPostprocessing = 0;
			shellPath = /bin/sh;
			shellScript = "diff \"${PODS_PODFILE_DIR_PATH}/Podfile.lock\" \"${PODS_ROOT}/Manifest.lock\" > /dev/null\nif [ $? != 0 ] ; then\n    # print error to STDERR\n    echo \"error: The sandbox is not in sync with the Podfile.lock. Run 'pod install' or update your CocoaPods installation.\" >&2\n    exit 1\nfi\n# This output is used by Xcode 'outputs' to avoid re-running this script phase.\necho \"SUCCESS\" > \"${SCRIPT_OUTPUT_FILE_0}\"\n";
			showEnvVarsInLog = 0;
		};
		BC98119F4E3D5DB9CDF91612 /* [CP] Embed Pods Frameworks */ = {
			isa = PBXShellScriptBuildPhase;
			buildActionMask = 2147483647;
			files = (
			);
			inputPaths = (
				"${SRCROOT}/Pods/Target Support Files/Pods-SmartFhirDemo/Pods-SmartFhirDemo-frameworks.sh",
				"${BUILT_PRODUCTS_DIR}/SMART/SMART.framework",
			);
			name = "[CP] Embed Pods Frameworks";
			outputPaths = (
				"${TARGET_BUILD_DIR}/${FRAMEWORKS_FOLDER_PATH}/SMART.framework",
			);
			runOnlyForDeploymentPostprocessing = 0;
			shellPath = /bin/sh;
			shellScript = "\"${SRCROOT}/Pods/Target Support Files/Pods-SmartFhirDemo/Pods-SmartFhirDemo-frameworks.sh\"\n";
			showEnvVarsInLog = 0;
		};
		D31D8AA40F95C4BEB664347E /* [CP] Check Pods Manifest.lock */ = {
			isa = PBXShellScriptBuildPhase;
			buildActionMask = 2147483647;
			files = (
			);
			inputPaths = (
				"${PODS_PODFILE_DIR_PATH}/Podfile.lock",
				"${PODS_ROOT}/Manifest.lock",
			);
			name = "[CP] Check Pods Manifest.lock";
			outputPaths = (
				"$(DERIVED_FILE_DIR)/Pods-SmartFhirDemoTests-checkManifestLockResult.txt",
			);
			runOnlyForDeploymentPostprocessing = 0;
			shellPath = /bin/sh;
			shellScript = "diff \"${PODS_PODFILE_DIR_PATH}/Podfile.lock\" \"${PODS_ROOT}/Manifest.lock\" > /dev/null\nif [ $? != 0 ] ; then\n    # print error to STDERR\n    echo \"error: The sandbox is not in sync with the Podfile.lock. Run 'pod install' or update your CocoaPods installation.\" >&2\n    exit 1\nfi\n# This output is used by Xcode 'outputs' to avoid re-running this script phase.\necho \"SUCCESS\" > \"${SCRIPT_OUTPUT_FILE_0}\"\n";
			showEnvVarsInLog = 0;
		};
		EF24CFF7AB94469D7F047A72 /* [CP] Check Pods Manifest.lock */ = {
			isa = PBXShellScriptBuildPhase;
			buildActionMask = 2147483647;
			files = (
			);
			inputPaths = (
				"${PODS_PODFILE_DIR_PATH}/Podfile.lock",
				"${PODS_ROOT}/Manifest.lock",
			);
			name = "[CP] Check Pods Manifest.lock";
			outputPaths = (
				"$(DERIVED_FILE_DIR)/Pods-SmartFhirDemoUITests-checkManifestLockResult.txt",
			);
			runOnlyForDeploymentPostprocessing = 0;
			shellPath = /bin/sh;
			shellScript = "diff \"${PODS_PODFILE_DIR_PATH}/Podfile.lock\" \"${PODS_ROOT}/Manifest.lock\" > /dev/null\nif [ $? != 0 ] ; then\n    # print error to STDERR\n    echo \"error: The sandbox is not in sync with the Podfile.lock. Run 'pod install' or update your CocoaPods installation.\" >&2\n    exit 1\nfi\n# This output is used by Xcode 'outputs' to avoid re-running this script phase.\necho \"SUCCESS\" > \"${SCRIPT_OUTPUT_FILE_0}\"\n";
			showEnvVarsInLog = 0;
		};
/* End PBXShellScriptBuildPhase section */

/* Begin PBXSourcesBuildPhase section */
		8BBDFE731FF66FED009FE38D /* Sources */ = {
			isa = PBXSourcesBuildPhase;
			buildActionMask = 2147483647;
			files = (
				8BE9E1E62000033300774F0D /* ConditionCell.swift in Sources */,
				8B48DC6820000BBF001F3E85 /* AppointmentCell.swift in Sources */,
				8BE9E1EA2000035400774F0D /* EncounterCell.swift in Sources */,
				8BBDFEC41FF68355009FE38D /* SmartAPI.swift in Sources */,
				8BBDFE7D1FF66FED009FE38D /* ViewController.swift in Sources */,
				8BEF7E431FFC492B004C02CA /* MedicationRequestCell.swift in Sources */,
				8BEF7E3F1FFC4614004C02CA /* MedicationDetailVC.swift in Sources */,
				8BE9E1E42000001A00774F0D /* ObservationCell.swift in Sources */,
				8BE9E1E82000034600774F0D /* DiagnosticReportCell.swift in Sources */,
				8BBDFE7B1FF66FED009FE38D /* AppDelegate.swift in Sources */,
			);
			runOnlyForDeploymentPostprocessing = 0;
		};
		8BBDFE871FF66FED009FE38D /* Sources */ = {
			isa = PBXSourcesBuildPhase;
			buildActionMask = 2147483647;
			files = (
				8BBDFE901FF66FED009FE38D /* SmartFhirDemoTests.swift in Sources */,
			);
			runOnlyForDeploymentPostprocessing = 0;
		};
		8BBDFE921FF66FED009FE38D /* Sources */ = {
			isa = PBXSourcesBuildPhase;
			buildActionMask = 2147483647;
			files = (
				8BBDFE9B1FF66FED009FE38D /* SmartFhirDemoUITests.swift in Sources */,
			);
			runOnlyForDeploymentPostprocessing = 0;
		};
/* End PBXSourcesBuildPhase section */

/* Begin PBXTargetDependency section */
		8BBDFE8D1FF66FED009FE38D /* PBXTargetDependency */ = {
			isa = PBXTargetDependency;
			target = 8BBDFE761FF66FED009FE38D /* SmartFhirDemo */;
			targetProxy = 8BBDFE8C1FF66FED009FE38D /* PBXContainerItemProxy */;
		};
		8BBDFE981FF66FED009FE38D /* PBXTargetDependency */ = {
			isa = PBXTargetDependency;
			target = 8BBDFE761FF66FED009FE38D /* SmartFhirDemo */;
			targetProxy = 8BBDFE971FF66FED009FE38D /* PBXContainerItemProxy */;
		};
/* End PBXTargetDependency section */

/* Begin PBXVariantGroup section */
		8BBDFE7E1FF66FED009FE38D /* Main.storyboard */ = {
			isa = PBXVariantGroup;
			children = (
				8BBDFE7F1FF66FED009FE38D /* Base */,
			);
			name = Main.storyboard;
			sourceTree = "<group>";
		};
		8BBDFE831FF66FED009FE38D /* LaunchScreen.storyboard */ = {
			isa = PBXVariantGroup;
			children = (
				8BBDFE841FF66FED009FE38D /* Base */,
			);
			name = LaunchScreen.storyboard;
			sourceTree = "<group>";
		};
/* End PBXVariantGroup section */

/* Begin XCBuildConfiguration section */
		8BBDFE9D1FF66FED009FE38D /* Debug */ = {
			isa = XCBuildConfiguration;
			buildSettings = {
				ALWAYS_SEARCH_USER_PATHS = NO;
				CLANG_ANALYZER_NONNULL = YES;
				CLANG_ANALYZER_NUMBER_OBJECT_CONVERSION = YES_AGGRESSIVE;
				CLANG_CXX_LANGUAGE_STANDARD = "gnu++14";
				CLANG_CXX_LIBRARY = "libc++";
				CLANG_ENABLE_MODULES = YES;
				CLANG_ENABLE_OBJC_ARC = YES;
				CLANG_WARN_BLOCK_CAPTURE_AUTORELEASING = YES;
				CLANG_WARN_BOOL_CONVERSION = YES;
				CLANG_WARN_COMMA = YES;
				CLANG_WARN_CONSTANT_CONVERSION = YES;
				CLANG_WARN_DIRECT_OBJC_ISA_USAGE = YES_ERROR;
				CLANG_WARN_DOCUMENTATION_COMMENTS = YES;
				CLANG_WARN_EMPTY_BODY = YES;
				CLANG_WARN_ENUM_CONVERSION = YES;
				CLANG_WARN_INFINITE_RECURSION = YES;
				CLANG_WARN_INT_CONVERSION = YES;
				CLANG_WARN_NON_LITERAL_NULL_CONVERSION = YES;
				CLANG_WARN_OBJC_LITERAL_CONVERSION = YES;
				CLANG_WARN_OBJC_ROOT_CLASS = YES_ERROR;
				CLANG_WARN_RANGE_LOOP_ANALYSIS = YES;
				CLANG_WARN_STRICT_PROTOTYPES = YES;
				CLANG_WARN_SUSPICIOUS_MOVE = YES;
				CLANG_WARN_UNGUARDED_AVAILABILITY = YES_AGGRESSIVE;
				CLANG_WARN_UNREACHABLE_CODE = YES;
				CLANG_WARN__DUPLICATE_METHOD_MATCH = YES;
				CODE_SIGN_IDENTITY = "iPhone Developer";
				COPY_PHASE_STRIP = NO;
				DEBUG_INFORMATION_FORMAT = dwarf;
				ENABLE_STRICT_OBJC_MSGSEND = YES;
				ENABLE_TESTABILITY = YES;
				GCC_C_LANGUAGE_STANDARD = gnu11;
				GCC_DYNAMIC_NO_PIC = NO;
				GCC_NO_COMMON_BLOCKS = YES;
				GCC_OPTIMIZATION_LEVEL = 0;
				GCC_PREPROCESSOR_DEFINITIONS = (
					"DEBUG=1",
					"$(inherited)",
				);
				GCC_WARN_64_TO_32_BIT_CONVERSION = YES;
				GCC_WARN_ABOUT_RETURN_TYPE = YES_ERROR;
				GCC_WARN_UNDECLARED_SELECTOR = YES;
				GCC_WARN_UNINITIALIZED_AUTOS = YES_AGGRESSIVE;
				GCC_WARN_UNUSED_FUNCTION = YES;
				GCC_WARN_UNUSED_VARIABLE = YES;
				IPHONEOS_DEPLOYMENT_TARGET = 11.2;
				MTL_ENABLE_DEBUG_INFO = YES;
				ONLY_ACTIVE_ARCH = YES;
				SDKROOT = iphoneos;
				SWIFT_ACTIVE_COMPILATION_CONDITIONS = DEBUG;
				SWIFT_OPTIMIZATION_LEVEL = "-Onone";
			};
			name = Debug;
		};
		8BBDFE9E1FF66FED009FE38D /* Release */ = {
			isa = XCBuildConfiguration;
			buildSettings = {
				ALWAYS_SEARCH_USER_PATHS = NO;
				CLANG_ANALYZER_NONNULL = YES;
				CLANG_ANALYZER_NUMBER_OBJECT_CONVERSION = YES_AGGRESSIVE;
				CLANG_CXX_LANGUAGE_STANDARD = "gnu++14";
				CLANG_CXX_LIBRARY = "libc++";
				CLANG_ENABLE_MODULES = YES;
				CLANG_ENABLE_OBJC_ARC = YES;
				CLANG_WARN_BLOCK_CAPTURE_AUTORELEASING = YES;
				CLANG_WARN_BOOL_CONVERSION = YES;
				CLANG_WARN_COMMA = YES;
				CLANG_WARN_CONSTANT_CONVERSION = YES;
				CLANG_WARN_DIRECT_OBJC_ISA_USAGE = YES_ERROR;
				CLANG_WARN_DOCUMENTATION_COMMENTS = YES;
				CLANG_WARN_EMPTY_BODY = YES;
				CLANG_WARN_ENUM_CONVERSION = YES;
				CLANG_WARN_INFINITE_RECURSION = YES;
				CLANG_WARN_INT_CONVERSION = YES;
				CLANG_WARN_NON_LITERAL_NULL_CONVERSION = YES;
				CLANG_WARN_OBJC_LITERAL_CONVERSION = YES;
				CLANG_WARN_OBJC_ROOT_CLASS = YES_ERROR;
				CLANG_WARN_RANGE_LOOP_ANALYSIS = YES;
				CLANG_WARN_STRICT_PROTOTYPES = YES;
				CLANG_WARN_SUSPICIOUS_MOVE = YES;
				CLANG_WARN_UNGUARDED_AVAILABILITY = YES_AGGRESSIVE;
				CLANG_WARN_UNREACHABLE_CODE = YES;
				CLANG_WARN__DUPLICATE_METHOD_MATCH = YES;
				CODE_SIGN_IDENTITY = "iPhone Developer";
				COPY_PHASE_STRIP = NO;
				DEBUG_INFORMATION_FORMAT = "dwarf-with-dsym";
				ENABLE_NS_ASSERTIONS = NO;
				ENABLE_STRICT_OBJC_MSGSEND = YES;
				GCC_C_LANGUAGE_STANDARD = gnu11;
				GCC_NO_COMMON_BLOCKS = YES;
				GCC_WARN_64_TO_32_BIT_CONVERSION = YES;
				GCC_WARN_ABOUT_RETURN_TYPE = YES_ERROR;
				GCC_WARN_UNDECLARED_SELECTOR = YES;
				GCC_WARN_UNINITIALIZED_AUTOS = YES_AGGRESSIVE;
				GCC_WARN_UNUSED_FUNCTION = YES;
				GCC_WARN_UNUSED_VARIABLE = YES;
				IPHONEOS_DEPLOYMENT_TARGET = 11.2;
				MTL_ENABLE_DEBUG_INFO = NO;
				SDKROOT = iphoneos;
				SWIFT_OPTIMIZATION_LEVEL = "-Owholemodule";
				VALIDATE_PRODUCT = YES;
			};
			name = Release;
		};
		8BBDFEA01FF66FED009FE38D /* Debug */ = {
			isa = XCBuildConfiguration;
			baseConfigurationReference = 1E75409A09B246109CA287E1 /* Pods-SmartFhirDemo.debug.xcconfig */;
			buildSettings = {
				ASSETCATALOG_COMPILER_APPICON_NAME = AppIcon;
				CODE_SIGN_STYLE = Automatic;
				INFOPLIST_FILE = SmartFhirDemo/Info.plist;
				LD_RUNPATH_SEARCH_PATHS = "$(inherited) @executable_path/Frameworks";
				PRODUCT_BUNDLE_IDENTIFIER = co.fede.SmartFhirDemo;
				PRODUCT_NAME = "$(TARGET_NAME)";
				SWIFT_VERSION = 4.0;
				TARGETED_DEVICE_FAMILY = "1,2";
			};
			name = Debug;
		};
		8BBDFEA11FF66FED009FE38D /* Release */ = {
			isa = XCBuildConfiguration;
			baseConfigurationReference = 646082463908201DC63D46B1 /* Pods-SmartFhirDemo.release.xcconfig */;
			buildSettings = {
				ASSETCATALOG_COMPILER_APPICON_NAME = AppIcon;
				CODE_SIGN_STYLE = Automatic;
				INFOPLIST_FILE = SmartFhirDemo/Info.plist;
				LD_RUNPATH_SEARCH_PATHS = "$(inherited) @executable_path/Frameworks";
				PRODUCT_BUNDLE_IDENTIFIER = co.fede.SmartFhirDemo;
				PRODUCT_NAME = "$(TARGET_NAME)";
				SWIFT_VERSION = 4.0;
				TARGETED_DEVICE_FAMILY = "1,2";
			};
			name = Release;
		};
		8BBDFEA31FF66FED009FE38D /* Debug */ = {
			isa = XCBuildConfiguration;
			baseConfigurationReference = 72B5F21398CB5BB45C7B2B3F /* Pods-SmartFhirDemoTests.debug.xcconfig */;
			buildSettings = {
				ALWAYS_EMBED_SWIFT_STANDARD_LIBRARIES = YES;
				BUNDLE_LOADER = "$(TEST_HOST)";
				CODE_SIGN_STYLE = Automatic;
				INFOPLIST_FILE = SmartFhirDemoTests/Info.plist;
				LD_RUNPATH_SEARCH_PATHS = "$(inherited) @executable_path/Frameworks @loader_path/Frameworks";
				PRODUCT_BUNDLE_IDENTIFIER = co.lateralview.SmartFhirDemoTests;
				PRODUCT_NAME = "$(TARGET_NAME)";
				SWIFT_VERSION = 4.0;
				TARGETED_DEVICE_FAMILY = "1,2";
				TEST_HOST = "$(BUILT_PRODUCTS_DIR)/SmartFhirDemo.app/SmartFhirDemo";
			};
			name = Debug;
		};
		8BBDFEA41FF66FED009FE38D /* Release */ = {
			isa = XCBuildConfiguration;
			baseConfigurationReference = 16B3ABA1079D1C80ED275C9B /* Pods-SmartFhirDemoTests.release.xcconfig */;
			buildSettings = {
				ALWAYS_EMBED_SWIFT_STANDARD_LIBRARIES = YES;
				BUNDLE_LOADER = "$(TEST_HOST)";
				CODE_SIGN_STYLE = Automatic;
				INFOPLIST_FILE = SmartFhirDemoTests/Info.plist;
				LD_RUNPATH_SEARCH_PATHS = "$(inherited) @executable_path/Frameworks @loader_path/Frameworks";
				PRODUCT_BUNDLE_IDENTIFIER = co.lateralview.SmartFhirDemoTests;
				PRODUCT_NAME = "$(TARGET_NAME)";
				SWIFT_VERSION = 4.0;
				TARGETED_DEVICE_FAMILY = "1,2";
				TEST_HOST = "$(BUILT_PRODUCTS_DIR)/SmartFhirDemo.app/SmartFhirDemo";
			};
			name = Release;
		};
		8BBDFEA61FF66FED009FE38D /* Debug */ = {
			isa = XCBuildConfiguration;
			baseConfigurationReference = 1FFAC395B890AD0F81A3CDB8 /* Pods-SmartFhirDemoUITests.debug.xcconfig */;
			buildSettings = {
				ALWAYS_EMBED_SWIFT_STANDARD_LIBRARIES = YES;
				CODE_SIGN_STYLE = Automatic;
				INFOPLIST_FILE = SmartFhirDemoUITests/Info.plist;
				LD_RUNPATH_SEARCH_PATHS = "$(inherited) @executable_path/Frameworks @loader_path/Frameworks";
				PRODUCT_BUNDLE_IDENTIFIER = co.lateralview.SmartFhirDemoUITests;
				PRODUCT_NAME = "$(TARGET_NAME)";
				SWIFT_VERSION = 4.0;
				TARGETED_DEVICE_FAMILY = "1,2";
				TEST_TARGET_NAME = SmartFhirDemo;
			};
			name = Debug;
		};
		8BBDFEA71FF66FED009FE38D /* Release */ = {
			isa = XCBuildConfiguration;
			baseConfigurationReference = 011399A39CCF7DC9F7C95A16 /* Pods-SmartFhirDemoUITests.release.xcconfig */;
			buildSettings = {
				ALWAYS_EMBED_SWIFT_STANDARD_LIBRARIES = YES;
				CODE_SIGN_STYLE = Automatic;
				INFOPLIST_FILE = SmartFhirDemoUITests/Info.plist;
				LD_RUNPATH_SEARCH_PATHS = "$(inherited) @executable_path/Frameworks @loader_path/Frameworks";
				PRODUCT_BUNDLE_IDENTIFIER = co.lateralview.SmartFhirDemoUITests;
				PRODUCT_NAME = "$(TARGET_NAME)";
				SWIFT_VERSION = 4.0;
				TARGETED_DEVICE_FAMILY = "1,2";
				TEST_TARGET_NAME = SmartFhirDemo;
			};
			name = Release;
		};
/* End XCBuildConfiguration section */

/* Begin XCConfigurationList section */
		8BBDFE721FF66FED009FE38D /* Build configuration list for PBXProject "SmartFhirDemo" */ = {
			isa = XCConfigurationList;
			buildConfigurations = (
				8BBDFE9D1FF66FED009FE38D /* Debug */,
				8BBDFE9E1FF66FED009FE38D /* Release */,
			);
			defaultConfigurationIsVisible = 0;
			defaultConfigurationName = Release;
		};
		8BBDFE9F1FF66FED009FE38D /* Build configuration list for PBXNativeTarget "SmartFhirDemo" */ = {
			isa = XCConfigurationList;
			buildConfigurations = (
				8BBDFEA01FF66FED009FE38D /* Debug */,
				8BBDFEA11FF66FED009FE38D /* Release */,
			);
			defaultConfigurationIsVisible = 0;
			defaultConfigurationName = Release;
		};
		8BBDFEA21FF66FED009FE38D /* Build configuration list for PBXNativeTarget "SmartFhirDemoTests" */ = {
			isa = XCConfigurationList;
			buildConfigurations = (
				8BBDFEA31FF66FED009FE38D /* Debug */,
				8BBDFEA41FF66FED009FE38D /* Release */,
			);
			defaultConfigurationIsVisible = 0;
			defaultConfigurationName = Release;
		};
		8BBDFEA51FF66FED009FE38D /* Build configuration list for PBXNativeTarget "SmartFhirDemoUITests" */ = {
			isa = XCConfigurationList;
			buildConfigurations = (
				8BBDFEA61FF66FED009FE38D /* Debug */,
				8BBDFEA71FF66FED009FE38D /* Release */,
			);
			defaultConfigurationIsVisible = 0;
			defaultConfigurationName = Release;
		};
/* End XCConfigurationList section */
	};
	rootObject = 8BBDFE6F1FF66FED009FE38D /* Project object */;
}
